
Microsoft Visual Studio Solution File, Format Version 12.00
# Visual Studio Version 16
VisualStudioVersion = 16.0.31624.102
MinimumVisualStudioVersion = 10.0.40219.1
Project("{FAE04EC0-301F-11D3-BF4B-00C04F79EFBC}") = "Kursach", "Kursach\Kursach.csproj", "{200353D2-72D6-4D50-8D17-9E86C2FB332B}"
EndProject
Global
	GlobalSection(SolutionConfigurationPlatforms) = preSolution
		Debug|Any CPU = Debug|Any CPU
		Release|Any CPU = Release|Any CPU
	EndGlobalSection
	GlobalSection(ProjectConfigurationPlatforms) = postSolution
		{200353D2-72D6-4D50-8D17-9E86C2FB332B}.Debug|Any CPU.ActiveCfg = Debug|Any CPU
		{200353D2-72D6-4D50-8D17-9E86C2FB332B}.Debug|Any CPU.Build.0 = Debug|Any CPU
		{200353D2-72D6-4D50-8D17-9E86C2FB332B}.Release|Any CPU.ActiveCfg = Release|Any CPU
		{200353D2-72D6-4D50-8D17-9E86C2FB332B}.Release|Any CPU.Build.0 = Release|Any CPU
	EndGlobalSection
	GlobalSection(SolutionProperties) = preSolution
		HideSolutionNode = FALSE
	EndGlobalSection
	GlobalSection(ExtensibilityGlobals) = postSolution
		SolutionGuid = {E39CE79E-6760-4404-88CD-A81181B4578A}
	EndGlobalSection
EndGlobal
